
Microsoft Visual Studio Solution File, Format Version 12.00
# Visual Studio Version 17
VisualStudioVersion = 17.5.002.0
MinimumVisualStudioVersion = 10.0.40219.1
Project("{2150E333-8FDC-42A3-9474-1A3956D46DE8}") = "src", "src", "{027ED00B-2F22-4CCE-AC92-B2C77EC737F8}"
EndProject
Project("{9A19103F-16F7-4668-BE54-9A1E7A4F7556}") = "ToDoList.Api", "src\ToDoList.Api\ToDoList.Api.csproj", "{8968DECA-AE2E-4B1B-AC51-0471B91A046A}"
EndProject
Project("{2150E333-8FDC-42A3-9474-1A3956D46DE8}") = "tests", "tests", "{6504C4CC-AC69-41F2-BBD3-297D78F5CD81}"
EndProject
Project("{FAE04EC0-301F-11D3-BF4B-00C04F79EFBC}") = "ToDoList.Api.Tests", "tests\ToDoList.Api.Tests\ToDoList.Api.Tests.csproj", "{69359C70-2B28-4D09-A86A-9B92E791DB49}"
EndProject
Global
	GlobalSection(SolutionConfigurationPlatforms) = preSolution
		Debug|Any CPU = Debug|Any CPU
		Release|Any CPU = Release|Any CPU
	EndGlobalSection
	GlobalSection(ProjectConfigurationPlatforms) = postSolution
		{8968DECA-AE2E-4B1B-AC51-0471B91A046A}.Debug|Any CPU.ActiveCfg = Debug|Any CPU
		{8968DECA-AE2E-4B1B-AC51-0471B91A046A}.Debug|Any CPU.Build.0 = Debug|Any CPU
		{8968DECA-AE2E-4B1B-AC51-0471B91A046A}.Release|Any CPU.ActiveCfg = Release|Any CPU
		{8968DECA-AE2E-4B1B-AC51-0471B91A046A}.Release|Any CPU.Build.0 = Release|Any CPU
		{69359C70-2B28-4D09-A86A-9B92E791DB49}.Debug|Any CPU.ActiveCfg = Debug|Any CPU
		{69359C70-2B28-4D09-A86A-9B92E791DB49}.Debug|Any CPU.Build.0 = Debug|Any CPU
		{69359C70-2B28-4D09-A86A-9B92E791DB49}.Release|Any CPU.ActiveCfg = Release|Any CPU
		{69359C70-2B28-4D09-A86A-9B92E791DB49}.Release|Any CPU.Build.0 = Release|Any CPU
	EndGlobalSection
	GlobalSection(SolutionProperties) = preSolution
		HideSolutionNode = FALSE
	EndGlobalSection
	GlobalSection(NestedProjects) = preSolution
		{8968DECA-AE2E-4B1B-AC51-0471B91A046A} = {027ED00B-2F22-4CCE-AC92-B2C77EC737F8}
		{69359C70-2B28-4D09-A86A-9B92E791DB49} = {6504C4CC-AC69-41F2-BBD3-297D78F5CD81}
	EndGlobalSection
	GlobalSection(ExtensibilityGlobals) = postSolution
		SolutionGuid = {A4016F92-B1A0-4F02-866A-2B4922C43649}
	EndGlobalSection
EndGlobal
